
Microsoft Visual Studio Solution File, Format Version 12.00
# Visual Studio Version 17
VisualStudioVersion = 17.5.002.0
MinimumVisualStudioVersion = 10.0.40219.1
Project("{2150E333-8FDC-42A3-9474-1A3956D46DE8}") = "sandbox", "sandbox", "{8BE0541A-8A66-4B7B-A98A-5D1DDC4D0F6F}"
EndProject
Project("{9A19103F-16F7-4668-BE54-9A1E7A4F7556}") = "sandbox_project", "sandbox\sandbox_project\sandbox_project.csproj", "{DDE6351E-B859-46A2-B8FE-ABC9E0DFD950}"
EndProject
Project("{2150E333-8FDC-42A3-9474-1A3956D46DE8}") = "week01", "week01", "{DF11D276-4B0A-4BB1-85CC-606221D07D85}"
EndProject
Project("{9A19103F-16F7-4668-BE54-9A1E7A4F7556}") = "analyze", "week01\analyze\analyze.csproj", "{79700229-C90A-4D0D-A96B-05C7F3B5A663}"
EndProject
Project("{9A19103F-16F7-4668-BE54-9A1E7A4F7556}") = "code", "week01\code\code.csproj", "{48C67D88-D6FF-4AFD-B768-A7AAEA61CCA1}"
EndProject
Project("{9A19103F-16F7-4668-BE54-9A1E7A4F7556}") = "teach", "week01\teach\teach.csproj", "{2A456C66-F83D-460F-AD2B-336A5B329B1A}"
EndProject
Project("{2150E333-8FDC-42A3-9474-1A3956D46DE8}") = "week02", "week02", "{114E6236-BCAC-4544-A03D-A863CA19286D}"
EndProject
Project("{9A19103F-16F7-4668-BE54-9A1E7A4F7556}") = "analyze", "week02\analyze\analyze.csproj", "{310DA9F7-B998-4A94-AFE3-8757ADE954FF}"
EndProject
Project("{9A19103F-16F7-4668-BE54-9A1E7A4F7556}") = "code", "week02\code\code.csproj", "{8D9D98CC-9DA9-47A0-B905-801D9517043B}"
EndProject
Project("{9A19103F-16F7-4668-BE54-9A1E7A4F7556}") = "learn", "week02\learn\learn.csproj", "{8D0A7BA3-20E1-4EED-B190-79DC6E1717F1}"
EndProject
Project("{9A19103F-16F7-4668-BE54-9A1E7A4F7556}") = "teach", "week02\teach\teach.csproj", "{691A66F0-D53B-4C59-9FF4-44A0D90E0BF5}"
EndProject
Project("{2150E333-8FDC-42A3-9474-1A3956D46DE8}") = "week03", "week03", "{B38DA901-2198-4B9C-A218-C427079F5456}"
EndProject
Project("{9A19103F-16F7-4668-BE54-9A1E7A4F7556}") = "code", "week03\code\code.csproj", "{561F1975-253B-4DCA-B3ED-EB581B9D1672}"
EndProject
Project("{9A19103F-16F7-4668-BE54-9A1E7A4F7556}") = "learn", "week03\learn\learn.csproj", "{8EA3B782-7E38-4041-A732-598E5B77F1DE}"
EndProject
Project("{9A19103F-16F7-4668-BE54-9A1E7A4F7556}") = "teach", "week03\teach\teach.csproj", "{7AC77600-A9A3-4D59-AF7E-66FE289C579D}"
EndProject
Project("{2150E333-8FDC-42A3-9474-1A3956D46DE8}") = "week04", "week04", "{8E18DE41-B21E-4CA1-AAE9-33EEFABAACBA}"
EndProject
Project("{9A19103F-16F7-4668-BE54-9A1E7A4F7556}") = "code", "week04\code\code.csproj", "{9AE018B8-B89D-43C5-889F-D70A3291F48C}"
EndProject
Project("{2150E333-8FDC-42A3-9474-1A3956D46DE8}") = "week05", "week05", "{18BE2784-A96F-43BB-97C5-8A511DD65634}"
EndProject
Project("{9A19103F-16F7-4668-BE54-9A1E7A4F7556}") = "code", "week05\code\code.csproj", "{6888FF12-5832-4A5F-A9A3-773B3EA2E77A}"
EndProject
Project("{2150E333-8FDC-42A3-9474-1A3956D46DE8}") = "week06", "week06", "{BCDFD39A-0609-4E42-B9BA-EB676B3F2175}"
EndProject
Project("{9A19103F-16F7-4668-BE54-9A1E7A4F7556}") = "code", "week06\code\code.csproj", "{E2549388-FF92-4A66-8657-1A7F3FFFE4B3}"
EndProject
Global
	GlobalSection(SolutionConfigurationPlatforms) = preSolution
		Debug|Any CPU = Debug|Any CPU
		Release|Any CPU = Release|Any CPU
	EndGlobalSection
	GlobalSection(ProjectConfigurationPlatforms) = postSolution
		{DDE6351E-B859-46A2-B8FE-ABC9E0DFD950}.Debug|Any CPU.ActiveCfg = Debug|Any CPU
		{DDE6351E-B859-46A2-B8FE-ABC9E0DFD950}.Debug|Any CPU.Build.0 = Debug|Any CPU
		{DDE6351E-B859-46A2-B8FE-ABC9E0DFD950}.Release|Any CPU.ActiveCfg = Release|Any CPU
		{DDE6351E-B859-46A2-B8FE-ABC9E0DFD950}.Release|Any CPU.Build.0 = Release|Any CPU
		{79700229-C90A-4D0D-A96B-05C7F3B5A663}.Debug|Any CPU.ActiveCfg = Debug|Any CPU
		{79700229-C90A-4D0D-A96B-05C7F3B5A663}.Debug|Any CPU.Build.0 = Debug|Any CPU
		{79700229-C90A-4D0D-A96B-05C7F3B5A663}.Release|Any CPU.ActiveCfg = Release|Any CPU
		{79700229-C90A-4D0D-A96B-05C7F3B5A663}.Release|Any CPU.Build.0 = Release|Any CPU
		{48C67D88-D6FF-4AFD-B768-A7AAEA61CCA1}.Debug|Any CPU.ActiveCfg = Debug|Any CPU
		{48C67D88-D6FF-4AFD-B768-A7AAEA61CCA1}.Debug|Any CPU.Build.0 = Debug|Any CPU
		{48C67D88-D6FF-4AFD-B768-A7AAEA61CCA1}.Release|Any CPU.ActiveCfg = Release|Any CPU
		{48C67D88-D6FF-4AFD-B768-A7AAEA61CCA1}.Release|Any CPU.Build.0 = Release|Any CPU
		{2A456C66-F83D-460F-AD2B-336A5B329B1A}.Debug|Any CPU.ActiveCfg = Debug|Any CPU
		{2A456C66-F83D-460F-AD2B-336A5B329B1A}.Debug|Any CPU.Build.0 = Debug|Any CPU
		{2A456C66-F83D-460F-AD2B-336A5B329B1A}.Release|Any CPU.ActiveCfg = Release|Any CPU
		{2A456C66-F83D-460F-AD2B-336A5B329B1A}.Release|Any CPU.Build.0 = Release|Any CPU
		{310DA9F7-B998-4A94-AFE3-8757ADE954FF}.Debug|Any CPU.ActiveCfg = Debug|Any CPU
		{310DA9F7-B998-4A94-AFE3-8757ADE954FF}.Debug|Any CPU.Build.0 = Debug|Any CPU
		{310DA9F7-B998-4A94-AFE3-8757ADE954FF}.Release|Any CPU.ActiveCfg = Release|Any CPU
		{310DA9F7-B998-4A94-AFE3-8757ADE954FF}.Release|Any CPU.Build.0 = Release|Any CPU
		{8D9D98CC-9DA9-47A0-B905-801D9517043B}.Debug|Any CPU.ActiveCfg = Debug|Any CPU
		{8D9D98CC-9DA9-47A0-B905-801D9517043B}.Debug|Any CPU.Build.0 = Debug|Any CPU
		{8D9D98CC-9DA9-47A0-B905-801D9517043B}.Release|Any CPU.ActiveCfg = Release|Any CPU
		{8D9D98CC-9DA9-47A0-B905-801D9517043B}.Release|Any CPU.Build.0 = Release|Any CPU
		{8D0A7BA3-20E1-4EED-B190-79DC6E1717F1}.Debug|Any CPU.ActiveCfg = Debug|Any CPU
		{8D0A7BA3-20E1-4EED-B190-79DC6E1717F1}.Debug|Any CPU.Build.0 = Debug|Any CPU
		{8D0A7BA3-20E1-4EED-B190-79DC6E1717F1}.Release|Any CPU.ActiveCfg = Release|Any CPU
		{8D0A7BA3-20E1-4EED-B190-79DC6E1717F1}.Release|Any CPU.Build.0 = Release|Any CPU
		{691A66F0-D53B-4C59-9FF4-44A0D90E0BF5}.Debug|Any CPU.ActiveCfg = Debug|Any CPU
		{691A66F0-D53B-4C59-9FF4-44A0D90E0BF5}.Debug|Any CPU.Build.0 = Debug|Any CPU
		{691A66F0-D53B-4C59-9FF4-44A0D90E0BF5}.Release|Any CPU.ActiveCfg = Release|Any CPU
		{691A66F0-D53B-4C59-9FF4-44A0D90E0BF5}.Release|Any CPU.Build.0 = Release|Any CPU
		{561F1975-253B-4DCA-B3ED-EB581B9D1672}.Debug|Any CPU.ActiveCfg = Debug|Any CPU
		{561F1975-253B-4DCA-B3ED-EB581B9D1672}.Debug|Any CPU.Build.0 = Debug|Any CPU
		{561F1975-253B-4DCA-B3ED-EB581B9D1672}.Release|Any CPU.ActiveCfg = Release|Any CPU
		{561F1975-253B-4DCA-B3ED-EB581B9D1672}.Release|Any CPU.Build.0 = Release|Any CPU
		{8EA3B782-7E38-4041-A732-598E5B77F1DE}.Debug|Any CPU.ActiveCfg = Debug|Any CPU
		{8EA3B782-7E38-4041-A732-598E5B77F1DE}.Debug|Any CPU.Build.0 = Debug|Any CPU
		{8EA3B782-7E38-4041-A732-598E5B77F1DE}.Release|Any CPU.ActiveCfg = Release|Any CPU
		{8EA3B782-7E38-4041-A732-598E5B77F1DE}.Release|Any CPU.Build.0 = Release|Any CPU
		{7AC77600-A9A3-4D59-AF7E-66FE289C579D}.Debug|Any CPU.ActiveCfg = Debug|Any CPU
		{7AC77600-A9A3-4D59-AF7E-66FE289C579D}.Debug|Any CPU.Build.0 = Debug|Any CPU
		{7AC77600-A9A3-4D59-AF7E-66FE289C579D}.Release|Any CPU.ActiveCfg = Release|Any CPU
		{7AC77600-A9A3-4D59-AF7E-66FE289C579D}.Release|Any CPU.Build.0 = Release|Any CPU
		{9AE018B8-B89D-43C5-889F-D70A3291F48C}.Debug|Any CPU.ActiveCfg = Debug|Any CPU
		{9AE018B8-B89D-43C5-889F-D70A3291F48C}.Debug|Any CPU.Build.0 = Debug|Any CPU
		{9AE018B8-B89D-43C5-889F-D70A3291F48C}.Release|Any CPU.ActiveCfg = Release|Any CPU
		{9AE018B8-B89D-43C5-889F-D70A3291F48C}.Release|Any CPU.Build.0 = Release|Any CPU
		{6888FF12-5832-4A5F-A9A3-773B3EA2E77A}.Debug|Any CPU.ActiveCfg = Debug|Any CPU
		{6888FF12-5832-4A5F-A9A3-773B3EA2E77A}.Debug|Any CPU.Build.0 = Debug|Any CPU
		{6888FF12-5832-4A5F-A9A3-773B3EA2E77A}.Release|Any CPU.ActiveCfg = Release|Any CPU
		{6888FF12-5832-4A5F-A9A3-773B3EA2E77A}.Release|Any CPU.Build.0 = Release|Any CPU
		{E2549388-FF92-4A66-8657-1A7F3FFFE4B3}.Debug|Any CPU.ActiveCfg = Debug|Any CPU
		{E2549388-FF92-4A66-8657-1A7F3FFFE4B3}.Debug|Any CPU.Build.0 = Debug|Any CPU
		{E2549388-FF92-4A66-8657-1A7F3FFFE4B3}.Release|Any CPU.ActiveCfg = Release|Any CPU
		{E2549388-FF92-4A66-8657-1A7F3FFFE4B3}.Release|Any CPU.Build.0 = Release|Any CPU
	EndGlobalSection
	GlobalSection(SolutionProperties) = preSolution
		HideSolutionNode = FALSE
	EndGlobalSection
	GlobalSection(NestedProjects) = preSolution
		{DDE6351E-B859-46A2-B8FE-ABC9E0DFD950} = {8BE0541A-8A66-4B7B-A98A-5D1DDC4D0F6F}
		{79700229-C90A-4D0D-A96B-05C7F3B5A663} = {DF11D276-4B0A-4BB1-85CC-606221D07D85}
		{48C67D88-D6FF-4AFD-B768-A7AAEA61CCA1} = {DF11D276-4B0A-4BB1-85CC-606221D07D85}
		{2A456C66-F83D-460F-AD2B-336A5B329B1A} = {DF11D276-4B0A-4BB1-85CC-606221D07D85}
		{310DA9F7-B998-4A94-AFE3-8757ADE954FF} = {114E6236-BCAC-4544-A03D-A863CA19286D}
		{8D9D98CC-9DA9-47A0-B905-801D9517043B} = {114E6236-BCAC-4544-A03D-A863CA19286D}
		{8D0A7BA3-20E1-4EED-B190-79DC6E1717F1} = {114E6236-BCAC-4544-A03D-A863CA19286D}
		{691A66F0-D53B-4C59-9FF4-44A0D90E0BF5} = {114E6236-BCAC-4544-A03D-A863CA19286D}
		{561F1975-253B-4DCA-B3ED-EB581B9D1672} = {B38DA901-2198-4B9C-A218-C427079F5456}
		{8EA3B782-7E38-4041-A732-598E5B77F1DE} = {B38DA901-2198-4B9C-A218-C427079F5456}
		{7AC77600-A9A3-4D59-AF7E-66FE289C579D} = {B38DA901-2198-4B9C-A218-C427079F5456}
		{9AE018B8-B89D-43C5-889F-D70A3291F48C} = {8E18DE41-B21E-4CA1-AAE9-33EEFABAACBA}
		{6888FF12-5832-4A5F-A9A3-773B3EA2E77A} = {18BE2784-A96F-43BB-97C5-8A511DD65634}
		{E2549388-FF92-4A66-8657-1A7F3FFFE4B3} = {BCDFD39A-0609-4E42-B9BA-EB676B3F2175}
	EndGlobalSection
	GlobalSection(ExtensibilityGlobals) = postSolution
		SolutionGuid = {1FA50792-C878-4778-A2E6-5A3745CC2511}
	EndGlobalSection
EndGlobal
