
Microsoft Visual Studio Solution File, Format Version 12.00
# Visual Studio Version 17
VisualStudioVersion = 17.5.002.0
MinimumVisualStudioVersion = 10.0.40219.1
Project("{2150E333-8FDC-42A3-9474-1A3956D46DE8}") = "week01", "week01", "{ACBC5F98-EA65-4EA9-B03A-70871C948633}"
EndProject
Project("{9A19103F-16F7-4668-BE54-9A1E7A4F7556}") = "code", "week01\code\code.csproj", "{7C864F0D-5139-4E9F-87C7-65F4C29C07A2}"
EndProject
Project("{9A19103F-16F7-4668-BE54-9A1E7A4F7556}") = "analyze", "week01\analyze\analyze.csproj", "{E1262C00-835B-4244-B641-6D6EDDA4C508}"
EndProject
Project("{9A19103F-16F7-4668-BE54-9A1E7A4F7556}") = "teach", "week01\teach\teach.csproj", "{A425DC69-ABC5-4947-826D-AC51779B2C87}"
EndProject
Project("{2150E333-8FDC-42A3-9474-1A3956D46DE8}") = "week06", "week06", "{F769EFE8-B60C-4F59-BC0C-4404C0426652}"
EndProject
Project("{9A19103F-16F7-4668-BE54-9A1E7A4F7556}") = "code", "week06\code\code.csproj", "{67008161-0670-4CB9-8A91-14F8C178F91B}"
EndProject
Project("{2150E333-8FDC-42A3-9474-1A3956D46DE8}") = "sandbox", "sandbox", "{C5CF3A57-9F74-4D19-80A8-896472F0699A}"
EndProject
Project("{9A19103F-16F7-4668-BE54-9A1E7A4F7556}") = "sandbox_project", "sandbox\sandbox_project\sandbox_project.csproj", "{8E2A0E13-C08E-4D64-99B8-AC467ED30CD3}"
EndProject
Project("{2150E333-8FDC-42A3-9474-1A3956D46DE8}") = "week05", "week05", "{DA0C433E-8891-48D3-86C2-F23732A12B89}"
EndProject
Project("{9A19103F-16F7-4668-BE54-9A1E7A4F7556}") = "code", "week05\code\code.csproj", "{9932B4DF-8101-45F9-B51F-8684526A1F6C}"
EndProject
Project("{2150E333-8FDC-42A3-9474-1A3956D46DE8}") = "week02", "week02", "{7298C63C-043E-4FCC-B656-4088420B638F}"
EndProject
Project("{9A19103F-16F7-4668-BE54-9A1E7A4F7556}") = "learn", "week02\learn\learn.csproj", "{7A7567BC-31EC-42D0-AB50-1FD4852F9C3F}"
EndProject
Project("{9A19103F-16F7-4668-BE54-9A1E7A4F7556}") = "code", "week02\code\code.csproj", "{922D771A-2EBB-4D59-9149-53EBAB97D52E}"
EndProject
Project("{9A19103F-16F7-4668-BE54-9A1E7A4F7556}") = "analyze", "week02\analyze\analyze.csproj", "{BFB1433F-FB55-4DB4-8211-563A2AD5D3BD}"
EndProject
Project("{9A19103F-16F7-4668-BE54-9A1E7A4F7556}") = "teach", "week02\teach\teach.csproj", "{04A67E3E-F8E0-415B-8CC8-0E78107A3C75}"
EndProject
Project("{2150E333-8FDC-42A3-9474-1A3956D46DE8}") = "week03", "week03", "{3AEAF4DB-90FF-4B05-92B8-F0105565E3C0}"
EndProject
Project("{9A19103F-16F7-4668-BE54-9A1E7A4F7556}") = "learn", "week03\learn\learn.csproj", "{04A2BE71-F595-4BEA-A5A3-83995AE9A86D}"
EndProject
Project("{9A19103F-16F7-4668-BE54-9A1E7A4F7556}") = "code", "week03\code\code.csproj", "{8D005AB7-4A63-497F-98D6-24C59711191F}"
EndProject
Project("{9A19103F-16F7-4668-BE54-9A1E7A4F7556}") = "teach", "week03\teach\teach.csproj", "{EB2915E2-9174-4C81-A7A2-DBAF523DAAFE}"
EndProject
Project("{2150E333-8FDC-42A3-9474-1A3956D46DE8}") = "week04", "week04", "{F0DDC612-0346-4F25-AD02-44E8C7378CFA}"
EndProject
Project("{9A19103F-16F7-4668-BE54-9A1E7A4F7556}") = "code", "week04\code\code.csproj", "{D86DB608-684C-4154-9380-F58C2911F0D8}"
EndProject
Global
	GlobalSection(SolutionConfigurationPlatforms) = preSolution
		Debug|Any CPU = Debug|Any CPU
		Release|Any CPU = Release|Any CPU
	EndGlobalSection
	GlobalSection(ProjectConfigurationPlatforms) = postSolution
		{7C864F0D-5139-4E9F-87C7-65F4C29C07A2}.Debug|Any CPU.ActiveCfg = Debug|Any CPU
		{7C864F0D-5139-4E9F-87C7-65F4C29C07A2}.Debug|Any CPU.Build.0 = Debug|Any CPU
		{7C864F0D-5139-4E9F-87C7-65F4C29C07A2}.Release|Any CPU.ActiveCfg = Release|Any CPU
		{7C864F0D-5139-4E9F-87C7-65F4C29C07A2}.Release|Any CPU.Build.0 = Release|Any CPU
		{E1262C00-835B-4244-B641-6D6EDDA4C508}.Debug|Any CPU.ActiveCfg = Debug|Any CPU
		{E1262C00-835B-4244-B641-6D6EDDA4C508}.Debug|Any CPU.Build.0 = Debug|Any CPU
		{E1262C00-835B-4244-B641-6D6EDDA4C508}.Release|Any CPU.ActiveCfg = Release|Any CPU
		{E1262C00-835B-4244-B641-6D6EDDA4C508}.Release|Any CPU.Build.0 = Release|Any CPU
		{A425DC69-ABC5-4947-826D-AC51779B2C87}.Debug|Any CPU.ActiveCfg = Debug|Any CPU
		{A425DC69-ABC5-4947-826D-AC51779B2C87}.Debug|Any CPU.Build.0 = Debug|Any CPU
		{A425DC69-ABC5-4947-826D-AC51779B2C87}.Release|Any CPU.ActiveCfg = Release|Any CPU
		{A425DC69-ABC5-4947-826D-AC51779B2C87}.Release|Any CPU.Build.0 = Release|Any CPU
		{67008161-0670-4CB9-8A91-14F8C178F91B}.Debug|Any CPU.ActiveCfg = Debug|Any CPU
		{67008161-0670-4CB9-8A91-14F8C178F91B}.Debug|Any CPU.Build.0 = Debug|Any CPU
		{67008161-0670-4CB9-8A91-14F8C178F91B}.Release|Any CPU.ActiveCfg = Release|Any CPU
		{67008161-0670-4CB9-8A91-14F8C178F91B}.Release|Any CPU.Build.0 = Release|Any CPU
		{8E2A0E13-C08E-4D64-99B8-AC467ED30CD3}.Debug|Any CPU.ActiveCfg = Debug|Any CPU
		{8E2A0E13-C08E-4D64-99B8-AC467ED30CD3}.Debug|Any CPU.Build.0 = Debug|Any CPU
		{8E2A0E13-C08E-4D64-99B8-AC467ED30CD3}.Release|Any CPU.ActiveCfg = Release|Any CPU
		{8E2A0E13-C08E-4D64-99B8-AC467ED30CD3}.Release|Any CPU.Build.0 = Release|Any CPU
		{9932B4DF-8101-45F9-B51F-8684526A1F6C}.Debug|Any CPU.ActiveCfg = Debug|Any CPU
		{9932B4DF-8101-45F9-B51F-8684526A1F6C}.Debug|Any CPU.Build.0 = Debug|Any CPU
		{9932B4DF-8101-45F9-B51F-8684526A1F6C}.Release|Any CPU.ActiveCfg = Release|Any CPU
		{9932B4DF-8101-45F9-B51F-8684526A1F6C}.Release|Any CPU.Build.0 = Release|Any CPU
		{7A7567BC-31EC-42D0-AB50-1FD4852F9C3F}.Debug|Any CPU.ActiveCfg = Debug|Any CPU
		{7A7567BC-31EC-42D0-AB50-1FD4852F9C3F}.Debug|Any CPU.Build.0 = Debug|Any CPU
		{7A7567BC-31EC-42D0-AB50-1FD4852F9C3F}.Release|Any CPU.ActiveCfg = Release|Any CPU
		{7A7567BC-31EC-42D0-AB50-1FD4852F9C3F}.Release|Any CPU.Build.0 = Release|Any CPU
		{922D771A-2EBB-4D59-9149-53EBAB97D52E}.Debug|Any CPU.ActiveCfg = Debug|Any CPU
		{922D771A-2EBB-4D59-9149-53EBAB97D52E}.Debug|Any CPU.Build.0 = Debug|Any CPU
		{922D771A-2EBB-4D59-9149-53EBAB97D52E}.Release|Any CPU.ActiveCfg = Release|Any CPU
		{922D771A-2EBB-4D59-9149-53EBAB97D52E}.Release|Any CPU.Build.0 = Release|Any CPU
		{BFB1433F-FB55-4DB4-8211-563A2AD5D3BD}.Debug|Any CPU.ActiveCfg = Debug|Any CPU
		{BFB1433F-FB55-4DB4-8211-563A2AD5D3BD}.Debug|Any CPU.Build.0 = Debug|Any CPU
		{BFB1433F-FB55-4DB4-8211-563A2AD5D3BD}.Release|Any CPU.ActiveCfg = Release|Any CPU
		{BFB1433F-FB55-4DB4-8211-563A2AD5D3BD}.Release|Any CPU.Build.0 = Release|Any CPU
		{04A67E3E-F8E0-415B-8CC8-0E78107A3C75}.Debug|Any CPU.ActiveCfg = Debug|Any CPU
		{04A67E3E-F8E0-415B-8CC8-0E78107A3C75}.Debug|Any CPU.Build.0 = Debug|Any CPU
		{04A67E3E-F8E0-415B-8CC8-0E78107A3C75}.Release|Any CPU.ActiveCfg = Release|Any CPU
		{04A67E3E-F8E0-415B-8CC8-0E78107A3C75}.Release|Any CPU.Build.0 = Release|Any CPU
		{04A2BE71-F595-4BEA-A5A3-83995AE9A86D}.Debug|Any CPU.ActiveCfg = Debug|Any CPU
		{04A2BE71-F595-4BEA-A5A3-83995AE9A86D}.Debug|Any CPU.Build.0 = Debug|Any CPU
		{04A2BE71-F595-4BEA-A5A3-83995AE9A86D}.Release|Any CPU.ActiveCfg = Release|Any CPU
		{04A2BE71-F595-4BEA-A5A3-83995AE9A86D}.Release|Any CPU.Build.0 = Release|Any CPU
		{8D005AB7-4A63-497F-98D6-24C59711191F}.Debug|Any CPU.ActiveCfg = Debug|Any CPU
		{8D005AB7-4A63-497F-98D6-24C59711191F}.Debug|Any CPU.Build.0 = Debug|Any CPU
		{8D005AB7-4A63-497F-98D6-24C59711191F}.Release|Any CPU.ActiveCfg = Release|Any CPU
		{8D005AB7-4A63-497F-98D6-24C59711191F}.Release|Any CPU.Build.0 = Release|Any CPU
		{EB2915E2-9174-4C81-A7A2-DBAF523DAAFE}.Debug|Any CPU.ActiveCfg = Debug|Any CPU
		{EB2915E2-9174-4C81-A7A2-DBAF523DAAFE}.Debug|Any CPU.Build.0 = Debug|Any CPU
		{EB2915E2-9174-4C81-A7A2-DBAF523DAAFE}.Release|Any CPU.ActiveCfg = Release|Any CPU
		{EB2915E2-9174-4C81-A7A2-DBAF523DAAFE}.Release|Any CPU.Build.0 = Release|Any CPU
		{D86DB608-684C-4154-9380-F58C2911F0D8}.Debug|Any CPU.ActiveCfg = Debug|Any CPU
		{D86DB608-684C-4154-9380-F58C2911F0D8}.Debug|Any CPU.Build.0 = Debug|Any CPU
		{D86DB608-684C-4154-9380-F58C2911F0D8}.Release|Any CPU.ActiveCfg = Release|Any CPU
		{D86DB608-684C-4154-9380-F58C2911F0D8}.Release|Any CPU.Build.0 = Release|Any CPU
	EndGlobalSection
	GlobalSection(SolutionProperties) = preSolution
		HideSolutionNode = FALSE
	EndGlobalSection
	GlobalSection(NestedProjects) = preSolution
		{7C864F0D-5139-4E9F-87C7-65F4C29C07A2} = {ACBC5F98-EA65-4EA9-B03A-70871C948633}
		{E1262C00-835B-4244-B641-6D6EDDA4C508} = {ACBC5F98-EA65-4EA9-B03A-70871C948633}
		{A425DC69-ABC5-4947-826D-AC51779B2C87} = {ACBC5F98-EA65-4EA9-B03A-70871C948633}
		{67008161-0670-4CB9-8A91-14F8C178F91B} = {F769EFE8-B60C-4F59-BC0C-4404C0426652}
		{8E2A0E13-C08E-4D64-99B8-AC467ED30CD3} = {C5CF3A57-9F74-4D19-80A8-896472F0699A}
		{9932B4DF-8101-45F9-B51F-8684526A1F6C} = {DA0C433E-8891-48D3-86C2-F23732A12B89}
		{7A7567BC-31EC-42D0-AB50-1FD4852F9C3F} = {7298C63C-043E-4FCC-B656-4088420B638F}
		{922D771A-2EBB-4D59-9149-53EBAB97D52E} = {7298C63C-043E-4FCC-B656-4088420B638F}
		{BFB1433F-FB55-4DB4-8211-563A2AD5D3BD} = {7298C63C-043E-4FCC-B656-4088420B638F}
		{04A67E3E-F8E0-415B-8CC8-0E78107A3C75} = {7298C63C-043E-4FCC-B656-4088420B638F}
		{04A2BE71-F595-4BEA-A5A3-83995AE9A86D} = {3AEAF4DB-90FF-4B05-92B8-F0105565E3C0}
		{8D005AB7-4A63-497F-98D6-24C59711191F} = {3AEAF4DB-90FF-4B05-92B8-F0105565E3C0}
		{EB2915E2-9174-4C81-A7A2-DBAF523DAAFE} = {3AEAF4DB-90FF-4B05-92B8-F0105565E3C0}
		{D86DB608-684C-4154-9380-F58C2911F0D8} = {F0DDC612-0346-4F25-AD02-44E8C7378CFA}
	EndGlobalSection
	GlobalSection(ExtensibilityGlobals) = postSolution
		SolutionGuid = {31E22564-F096-4849-A269-7433F784D973}
	EndGlobalSection
EndGlobal
